
Microsoft Visual Studio Solution File, Format Version 12.00
# Visual Studio Version 17
VisualStudioVersion = 17.3.32819.101
MinimumVisualStudioVersion = 10.0.40219.1
Project("{FAE04EC0-301F-11D3-BF4B-00C04F79EFBC}") = "ContactsWebLiveDemo", "ContactsWebLiveDemo\ContactsWebLiveDemo.csproj", "{4C97C2E8-9641-4AC2-8D3B-5387E7AE6A37}"
EndProject
Global
	GlobalSection(SolutionConfigurationPlatforms) = preSolution
		Debug|Any CPU = Debug|Any CPU
		Release|Any CPU = Release|Any CPU
	EndGlobalSection
	GlobalSection(ProjectConfigurationPlatforms) = postSolution
		{4C97C2E8-9641-4AC2-8D3B-5387E7AE6A37}.Debug|Any CPU.ActiveCfg = Debug|Any CPU
		{4C97C2E8-9641-4AC2-8D3B-5387E7AE6A37}.Debug|Any CPU.Build.0 = Debug|Any CPU
		{4C97C2E8-9641-4AC2-8D3B-5387E7AE6A37}.Release|Any CPU.ActiveCfg = Release|Any CPU
		{4C97C2E8-9641-4AC2-8D3B-5387E7AE6A37}.Release|Any CPU.Build.0 = Release|Any CPU
	EndGlobalSection
	GlobalSection(SolutionProperties) = preSolution
		HideSolutionNode = FALSE
	EndGlobalSection
	GlobalSection(ExtensibilityGlobals) = postSolution
		SolutionGuid = {28A61A3A-4CA9-439F-A041-AB7D4C0F62EA}
	EndGlobalSection
EndGlobal
